
Microsoft Visual Studio Solution File, Format Version 12.00
# Visual Studio Version 16
VisualStudioVersion = 16.0.29306.81
MinimumVisualStudioVersion = 10.0.40219.1
Project("{FAE04EC0-301F-11D3-BF4B-00C04F79EFBC}") = "OmegaSample", "OmegaSample\OmegaSample.csproj", "{FCD7AE7D-7C8F-47ED-8A4B-E3F4FD90CF4A}"
EndProject
Global
	GlobalSection(SolutionConfigurationPlatforms) = preSolution
		Debug|Any CPU = Debug|Any CPU
		Release|Any CPU = Release|Any CPU
	EndGlobalSection
	GlobalSection(ProjectConfigurationPlatforms) = postSolution
		{FCD7AE7D-7C8F-47ED-8A4B-E3F4FD90CF4A}.Debug|Any CPU.ActiveCfg = Debug|Any CPU
		{FCD7AE7D-7C8F-47ED-8A4B-E3F4FD90CF4A}.Debug|Any CPU.Build.0 = Debug|Any CPU
		{FCD7AE7D-7C8F-47ED-8A4B-E3F4FD90CF4A}.Release|Any CPU.ActiveCfg = Release|Any CPU
		{FCD7AE7D-7C8F-47ED-8A4B-E3F4FD90CF4A}.Release|Any CPU.Build.0 = Release|Any CPU
	EndGlobalSection
	GlobalSection(SolutionProperties) = preSolution
		HideSolutionNode = FALSE
	EndGlobalSection
	GlobalSection(ExtensibilityGlobals) = postSolution
		SolutionGuid = {67DF27EB-EE11-4943-9F1C-4D2A95BB7820}
	EndGlobalSection
EndGlobal
